# THIS IS AN AUTOGENERATED FILE. DO NOT EDIT THIS FILE DIRECTLY.
# yarn lockfile v1


deno_ls_plugin@^0.1.0:
  version "0.1.0"
  resolved "https://registry.npmjs.org/deno_ls_plugin/-/deno_ls_plugin-0.1.0.tgz#1c9cfdc7e550eb45d59fce3109a9205a0db96b54"
  integrity sha512-mUV2q6Alx3p1B21R5yVIc/wmeCcPftz/CcbsY0kbV/djyFRLZU/Gqmn6sqvMCm2zb+suHinPE99QhySIFuz5hw==

typescript@^3.5.2:
  version "3.5.2"
  resolved "https://registry.npmjs.org/typescript/-/typescript-3.5.2.tgz#a09e1dc69bc9551cadf17dba10ee42cf55e5d56c"
  integrity sha512-7KxJovlYhTX5RaRbUdkAXN1KUZ8PwWlTzQdHV6xNqvuFOs7+WBo10TQUqT19Q/Jz2hk5v9TQDIhyLhhJY4p5AA==
